
Microsoft Visual Studio Solution File, Format Version 12.00
# Visual Studio Version 17
VisualStudioVersion = 17.9.34728.123
MinimumVisualStudioVersion = 10.0.40219.1
Project("{9A19103F-16F7-4668-BE54-9A1E7A4F7556}") = "AIIncidentAnalysisAuthServiceAPI", "AIIncidentAnalysisAuthServiceAPI\AIIncidentAnalysisAuthServiceAPI.csproj", "{DB7BCF7A-BD9A-4F2F-A3EA-EC0044A6A147}"
EndProject
Global
	GlobalSection(SolutionConfigurationPlatforms) = preSolution
		Debug|Any CPU = Debug|Any CPU
		Release|Any CPU = Release|Any CPU
	EndGlobalSection
	GlobalSection(ProjectConfigurationPlatforms) = postSolution
		{DB7BCF7A-BD9A-4F2F-A3EA-EC0044A6A147}.Debug|Any CPU.ActiveCfg = Debug|Any CPU
		{DB7BCF7A-BD9A-4F2F-A3EA-EC0044A6A147}.Debug|Any CPU.Build.0 = Debug|Any CPU
		{DB7BCF7A-BD9A-4F2F-A3EA-EC0044A6A147}.Release|Any CPU.ActiveCfg = Release|Any CPU
		{DB7BCF7A-BD9A-4F2F-A3EA-EC0044A6A147}.Release|Any CPU.Build.0 = Release|Any CPU
	EndGlobalSection
	GlobalSection(SolutionProperties) = preSolution
		HideSolutionNode = FALSE
	EndGlobalSection
	GlobalSection(ExtensibilityGlobals) = postSolution
		SolutionGuid = {302DDCEE-28AB-441C-8E09-3C36D5E50C5F}
	EndGlobalSection
EndGlobal
